
Microsoft Visual Studio Solution File, Format Version 12.00
# Visual Studio Version 16
VisualStudioVersion = 16.0.28407.52
MinimumVisualStudioVersion = 10.0.40219.1
Project("{FAE04EC0-301F-11D3-BF4B-00C04F79EFBC}") = "Happy_Birthday", "Happy_Birthday\Happy_Birthday.csproj", "{EDE6901A-EE26-408C-8E1C-AB93A65D12E6}"
EndProject
Global
	GlobalSection(SolutionConfigurationPlatforms) = preSolution
		Debug|Any CPU = Debug|Any CPU
		Release|Any CPU = Release|Any CPU
	EndGlobalSection
	GlobalSection(ProjectConfigurationPlatforms) = postSolution
		{EDE6901A-EE26-408C-8E1C-AB93A65D12E6}.Debug|Any CPU.ActiveCfg = Debug|Any CPU
		{EDE6901A-EE26-408C-8E1C-AB93A65D12E6}.Debug|Any CPU.Build.0 = Debug|Any CPU
		{EDE6901A-EE26-408C-8E1C-AB93A65D12E6}.Release|Any CPU.ActiveCfg = Release|Any CPU
		{EDE6901A-EE26-408C-8E1C-AB93A65D12E6}.Release|Any CPU.Build.0 = Release|Any CPU
	EndGlobalSection
	GlobalSection(SolutionProperties) = preSolution
		HideSolutionNode = FALSE
	EndGlobalSection
	GlobalSection(ExtensibilityGlobals) = postSolution
		SolutionGuid = {4C2E2F5A-A99A-4E55-A933-BDB41B3233C0}
	EndGlobalSection
EndGlobal
