
Microsoft Visual Studio Solution File, Format Version 12.00
# Visual Studio 15
VisualStudioVersion = 15.0.27130.2024
MinimumVisualStudioVersion = 10.0.40219.1
Project("{FAE04EC0-301F-11D3-BF4B-00C04F79EFBC}") = "Project_03", "Project_03\Project_03.csproj", "{23EA8107-FE68-4113-ABFA-CA44521B5FDB}"
EndProject
Global
	GlobalSection(SolutionConfigurationPlatforms) = preSolution
		Debug|Any CPU = Debug|Any CPU
		Release|Any CPU = Release|Any CPU
	EndGlobalSection
	GlobalSection(ProjectConfigurationPlatforms) = postSolution
		{23EA8107-FE68-4113-ABFA-CA44521B5FDB}.Debug|Any CPU.ActiveCfg = Debug|Any CPU
		{23EA8107-FE68-4113-ABFA-CA44521B5FDB}.Debug|Any CPU.Build.0 = Debug|Any CPU
		{23EA8107-FE68-4113-ABFA-CA44521B5FDB}.Release|Any CPU.ActiveCfg = Release|Any CPU
		{23EA8107-FE68-4113-ABFA-CA44521B5FDB}.Release|Any CPU.Build.0 = Release|Any CPU
	EndGlobalSection
	GlobalSection(SolutionProperties) = preSolution
		HideSolutionNode = FALSE
	EndGlobalSection
	GlobalSection(ExtensibilityGlobals) = postSolution
		SolutionGuid = {C17E3B40-4D16-4560-9DDC-81B3CA10CD4E}
	EndGlobalSection
EndGlobal
