
Microsoft Visual Studio Solution File, Format Version 12.00
# Visual Studio Version 16
VisualStudioVersion = 16.0.28407.52
MinimumVisualStudioVersion = 10.0.40219.1
Project("{FAE04EC0-301F-11D3-BF4B-00C04F79EFBC}") = "PasswordManager", "PasswordManager\PasswordManager.csproj", "{33639125-5426-4496-8445-31465E2F1100}"
EndProject
Global
	GlobalSection(SolutionConfigurationPlatforms) = preSolution
		Debug|Any CPU = Debug|Any CPU
		Release|Any CPU = Release|Any CPU
	EndGlobalSection
	GlobalSection(ProjectConfigurationPlatforms) = postSolution
		{33639125-5426-4496-8445-31465E2F1100}.Debug|Any CPU.ActiveCfg = Debug|Any CPU
		{33639125-5426-4496-8445-31465E2F1100}.Debug|Any CPU.Build.0 = Debug|Any CPU
		{33639125-5426-4496-8445-31465E2F1100}.Release|Any CPU.ActiveCfg = Release|Any CPU
		{33639125-5426-4496-8445-31465E2F1100}.Release|Any CPU.Build.0 = Release|Any CPU
	EndGlobalSection
	GlobalSection(SolutionProperties) = preSolution
		HideSolutionNode = FALSE
	EndGlobalSection
	GlobalSection(ExtensibilityGlobals) = postSolution
		SolutionGuid = {993C236F-845A-4144-B4A2-5A72FB11CD8F}
	EndGlobalSection
EndGlobal
