
Microsoft Visual Studio Solution File, Format Version 12.00
# Visual Studio Version 16
VisualStudioVersion = 16.0.28407.52
MinimumVisualStudioVersion = 10.0.40219.1
Project("{FAE04EC0-301F-11D3-BF4B-00C04F79EFBC}") = "Project_Word_Matser", "Project_Word_Matser\Project_Word_Matser.csproj", "{2B9828BF-6BB9-4748-865C-1CADD7FB5A28}"
EndProject
Global
	GlobalSection(SolutionConfigurationPlatforms) = preSolution
		Debug|Any CPU = Debug|Any CPU
		Release|Any CPU = Release|Any CPU
	EndGlobalSection
	GlobalSection(ProjectConfigurationPlatforms) = postSolution
		{2B9828BF-6BB9-4748-865C-1CADD7FB5A28}.Debug|Any CPU.ActiveCfg = Debug|Any CPU
		{2B9828BF-6BB9-4748-865C-1CADD7FB5A28}.Debug|Any CPU.Build.0 = Debug|Any CPU
		{2B9828BF-6BB9-4748-865C-1CADD7FB5A28}.Release|Any CPU.ActiveCfg = Release|Any CPU
		{2B9828BF-6BB9-4748-865C-1CADD7FB5A28}.Release|Any CPU.Build.0 = Release|Any CPU
	EndGlobalSection
	GlobalSection(SolutionProperties) = preSolution
		HideSolutionNode = FALSE
	EndGlobalSection
	GlobalSection(ExtensibilityGlobals) = postSolution
		SolutionGuid = {CF464DCF-F5A4-4AEA-8A9B-C97CF4A214C4}
	EndGlobalSection
EndGlobal
